
Microsoft Visual Studio Solution File, Format Version 12.00
# Visual Studio Version 17
VisualStudioVersion = 17.5.33424.131
MinimumVisualStudioVersion = 10.0.40219.1
Project("{E53339B2-1760-4266-BCC7-CA923CBCF16C}") = "docker-compose", "docker-compose.dcproj", "{1E96A264-9EDC-4DB3-A4BF-B0D34A03FAAA}"
EndProject
Project("{9A19103F-16F7-4668-BE54-9A1E7A4F7556}") = "KweetService", "KweetService\KweetService.csproj", "{4C30BE64-1743-4E17-956C-DAE2F6B0839B}"
EndProject
Global
	GlobalSection(SolutionConfigurationPlatforms) = preSolution
		Debug|Any CPU = Debug|Any CPU
		Release|Any CPU = Release|Any CPU
	EndGlobalSection
	GlobalSection(ProjectConfigurationPlatforms) = postSolution
		{1E96A264-9EDC-4DB3-A4BF-B0D34A03FAAA}.Debug|Any CPU.ActiveCfg = Debug|Any CPU
		{1E96A264-9EDC-4DB3-A4BF-B0D34A03FAAA}.Debug|Any CPU.Build.0 = Debug|Any CPU
		{1E96A264-9EDC-4DB3-A4BF-B0D34A03FAAA}.Release|Any CPU.ActiveCfg = Release|Any CPU
		{1E96A264-9EDC-4DB3-A4BF-B0D34A03FAAA}.Release|Any CPU.Build.0 = Release|Any CPU
		{4C30BE64-1743-4E17-956C-DAE2F6B0839B}.Debug|Any CPU.ActiveCfg = Debug|Any CPU
		{4C30BE64-1743-4E17-956C-DAE2F6B0839B}.Debug|Any CPU.Build.0 = Debug|Any CPU
		{4C30BE64-1743-4E17-956C-DAE2F6B0839B}.Release|Any CPU.ActiveCfg = Release|Any CPU
		{4C30BE64-1743-4E17-956C-DAE2F6B0839B}.Release|Any CPU.Build.0 = Release|Any CPU
	EndGlobalSection
	GlobalSection(SolutionProperties) = preSolution
		HideSolutionNode = FALSE
	EndGlobalSection
	GlobalSection(ExtensibilityGlobals) = postSolution
		SolutionGuid = {0F423899-B620-438A-BA7E-253CFB51391D}
	EndGlobalSection
EndGlobal
